
Microsoft Visual Studio Solution File, Format Version 12.00
# Visual Studio Version 16
VisualStudioVersion = 25.0.1703.0
MinimumVisualStudioVersion = 10.0.40219.1
Project("{2150E333-8FDC-42A3-9474-1A3956D46DE8}") = "Services", "Services", "{1354F5E9-AEEA-4D67-A0D1-1833724CA66B}"
EndProject
Project("{2150E333-8FDC-42A3-9474-1A3956D46DE8}") = "Catalog", "Catalog", "{382189E2-8837-4C89-9F7E-3F0EE82B89AE}"
EndProject
Project("{2150E333-8FDC-42A3-9474-1A3956D46DE8}") = "Solution Items", "Solution Items", "{12B6CA33-CCA6-49C9-AF25-F60428690337}"
	ProjectSection(SolutionItems) = preProject
		Ports.txt = Ports.txt
	EndProjectSection
EndProject
Project("{2150E333-8FDC-42A3-9474-1A3956D46DE8}") = "Shared", "Shared", "{187C69DD-A051-4C02-AE98-CBEA3D204427}"
EndProject
Project("{2150E333-8FDC-42A3-9474-1A3956D46DE8}") = "src", "src", "{6CB19BFD-CD05-42EE-B9A6-7CAD4BCF2946}"
EndProject
Project("{2150E333-8FDC-42A3-9474-1A3956D46DE8}") = "test", "test", "{95E805B2-D0F1-4413-A121-4CA7D8AD7AEF}"
EndProject
Project("{2150E333-8FDC-42A3-9474-1A3956D46DE8}") = "Services", "Services", "{945B7EE8-5D75-4DEE-956F-E1581D21F906}"
EndProject
Project("{2150E333-8FDC-42A3-9474-1A3956D46DE8}") = "Catalog", "Catalog", "{A2BA871B-A1AA-47AB-92C6-BC6A7670F7D9}"
EndProject
Project("{FAE04EC0-301F-11D3-BF4B-00C04F79EFBC}") = "ECommerce.Services.Catalog.UnitTests", "test\Services\Catalog\ECommerce.Services.Catalog.UnitTests\ECommerce.Services.Catalog.UnitTests.csproj", "{F2A1DAF9-A240-4849-8622-D5E889A8F651}"
EndProject
Project("{FAE04EC0-301F-11D3-BF4B-00C04F79EFBC}") = "ECommerce.Shared", "src\Shared\ECommerce.Shared\ECommerce.Shared.csproj", "{6A739B50-7C91-4FA8-AB25-65F6ED502499}"
EndProject
Project("{FAE04EC0-301F-11D3-BF4B-00C04F79EFBC}") = "ECommerce.Services.Catalog", "src\Services\Catalog\ECommerce.Services.Catalog\ECommerce.Services.Catalog.csproj", "{B892F358-236F-4BBD-BC38-B300EF333560}"
EndProject
Project("{2150E333-8FDC-42A3-9474-1A3956D46DE8}") = "IdentityServer", "IdentityServer", "{AC0E02B7-97B2-457F-94B7-B0156DE8EB67}"
EndProject
Project("{FAE04EC0-301F-11D3-BF4B-00C04F79EFBC}") = "ECommerce.IdentityServer", "src\IdentityServer\ECommerce.IdentityServer\ECommerce.IdentityServer.csproj", "{829F63C3-6B21-42B6-BE8D-D1CF95E2FABE}"
EndProject
Project("{2150E333-8FDC-42A3-9474-1A3956D46DE8}") = "PhotoStock", "PhotoStock", "{D067E8F9-A9B2-40BE-89B1-DF84F82938BA}"
EndProject
Project("{FAE04EC0-301F-11D3-BF4B-00C04F79EFBC}") = "ECommerce.Services.PhotoStock", "src\Services\PhotoStock\ECommerce.Services.PhotoStock\ECommerce.Services.PhotoStock.csproj", "{84CA41D9-C750-4110-80F4-A135D053A390}"
EndProject
Project("{2150E333-8FDC-42A3-9474-1A3956D46DE8}") = "PhotoStock", "PhotoStock", "{54BD0D5C-08CA-4E69-85D7-9301BF6F7C5F}"
EndProject
Project("{FAE04EC0-301F-11D3-BF4B-00C04F79EFBC}") = "ECommerce.Services.PhotoStock.UnitTests", "test\Services\PhotoStock\ECommerce.Services.PhotoStock.UnitTests\ECommerce.Services.PhotoStock.UnitTests.csproj", "{8FA1FC2D-5713-40DD-9F76-A4FF0E036AE6}"
EndProject
Project("{2150E333-8FDC-42A3-9474-1A3956D46DE8}") = "Basket", "Basket", "{E6AF715B-4953-4BC1-B352-412CCB770108}"
EndProject
Project("{FAE04EC0-301F-11D3-BF4B-00C04F79EFBC}") = "ECommerce.Services.Basket", "src\Services\Basket\ECommerce.Services.Basket\ECommerce.Services.Basket.csproj", "{B95BE4B8-1848-4C7D-BE87-1DACFB006E8F}"
EndProject
Project("{2150E333-8FDC-42A3-9474-1A3956D46DE8}") = "Discount", "Discount", "{F875CA70-A6AF-4997-BBCC-A3E56BD277B8}"
EndProject
Project("{FAE04EC0-301F-11D3-BF4B-00C04F79EFBC}") = "ECommerce.Services.Discount", "src\Services\Discount\ECommerce.Services.Discount\ECommerce.Services.Discount.csproj", "{4E629AA8-3677-41C4-B366-74196E97BBC6}"
EndProject
Project("{2150E333-8FDC-42A3-9474-1A3956D46DE8}") = "Discount", "Discount", "{57E98751-37C7-4B55-8AD3-4F773BB1BAA7}"
EndProject
Project("{FAE04EC0-301F-11D3-BF4B-00C04F79EFBC}") = "ECommerce.Services.Discount.UnitTests", "test\Services\Discount\ECommerce.Services.Discount.UnitTests\ECommerce.Services.Discount.UnitTests.csproj", "{0EB3C5D0-398C-40E2-8C8C-11EDDDC95E1F}"
EndProject
Project("{2150E333-8FDC-42A3-9474-1A3956D46DE8}") = "Order", "Order", "{9C2F7EA9-FD02-4725-8116-81D5FF1F3C5A}"
EndProject
Project("{FAE04EC0-301F-11D3-BF4B-00C04F79EFBC}") = "ECommerce.Services.Order.API", "src\Services\Order\ECommerce.Services.Order.API\ECommerce.Services.Order.API.csproj", "{C296E791-4DEA-47F9-AA4B-4EE723CFB8A5}"
EndProject
Project("{FAE04EC0-301F-11D3-BF4B-00C04F79EFBC}") = "ECommerce.Services.Order.Application", "src\Services\Order\ECommerce.Services.Order.Application\ECommerce.Services.Order.Application.csproj", "{DAC37B89-D1E8-47A5-B8F4-C137A5376AB3}"
EndProject
Project("{FAE04EC0-301F-11D3-BF4B-00C04F79EFBC}") = "ECommerce.Services.Order.Domain", "src\Services\Order\ECommerce.Services.Order.Domain\ECommerce.Services.Order.Domain.csproj", "{FECECD0B-67DB-447B-B191-1DDCE82E2DA3}"
EndProject
Project("{FAE04EC0-301F-11D3-BF4B-00C04F79EFBC}") = "ECommerce.Services.Order.Domain.Core", "src\Services\Order\ECommerce.Services.Order.Domain.Core\ECommerce.Services.Order.Domain.Core.csproj", "{1D40B3A3-AB48-4D6B-BF9C-D2A2E2FFA3C4}"
EndProject
Global
	GlobalSection(SolutionConfigurationPlatforms) = preSolution
		Debug|Any CPU = Debug|Any CPU
		Release|Any CPU = Release|Any CPU
	EndGlobalSection
	GlobalSection(ProjectConfigurationPlatforms) = postSolution
		{F2A1DAF9-A240-4849-8622-D5E889A8F651}.Debug|Any CPU.ActiveCfg = Debug|Any CPU
		{F2A1DAF9-A240-4849-8622-D5E889A8F651}.Debug|Any CPU.Build.0 = Debug|Any CPU
		{F2A1DAF9-A240-4849-8622-D5E889A8F651}.Release|Any CPU.ActiveCfg = Release|Any CPU
		{F2A1DAF9-A240-4849-8622-D5E889A8F651}.Release|Any CPU.Build.0 = Release|Any CPU
		{6A739B50-7C91-4FA8-AB25-65F6ED502499}.Debug|Any CPU.ActiveCfg = Debug|Any CPU
		{6A739B50-7C91-4FA8-AB25-65F6ED502499}.Debug|Any CPU.Build.0 = Debug|Any CPU
		{6A739B50-7C91-4FA8-AB25-65F6ED502499}.Release|Any CPU.ActiveCfg = Release|Any CPU
		{6A739B50-7C91-4FA8-AB25-65F6ED502499}.Release|Any CPU.Build.0 = Release|Any CPU
		{B892F358-236F-4BBD-BC38-B300EF333560}.Debug|Any CPU.ActiveCfg = Debug|Any CPU
		{B892F358-236F-4BBD-BC38-B300EF333560}.Debug|Any CPU.Build.0 = Debug|Any CPU
		{B892F358-236F-4BBD-BC38-B300EF333560}.Release|Any CPU.ActiveCfg = Release|Any CPU
		{B892F358-236F-4BBD-BC38-B300EF333560}.Release|Any CPU.Build.0 = Release|Any CPU
		{829F63C3-6B21-42B6-BE8D-D1CF95E2FABE}.Debug|Any CPU.ActiveCfg = Debug|Any CPU
		{829F63C3-6B21-42B6-BE8D-D1CF95E2FABE}.Debug|Any CPU.Build.0 = Debug|Any CPU
		{829F63C3-6B21-42B6-BE8D-D1CF95E2FABE}.Release|Any CPU.ActiveCfg = Release|Any CPU
		{829F63C3-6B21-42B6-BE8D-D1CF95E2FABE}.Release|Any CPU.Build.0 = Release|Any CPU
		{84CA41D9-C750-4110-80F4-A135D053A390}.Debug|Any CPU.ActiveCfg = Debug|Any CPU
		{84CA41D9-C750-4110-80F4-A135D053A390}.Debug|Any CPU.Build.0 = Debug|Any CPU
		{84CA41D9-C750-4110-80F4-A135D053A390}.Release|Any CPU.ActiveCfg = Release|Any CPU
		{84CA41D9-C750-4110-80F4-A135D053A390}.Release|Any CPU.Build.0 = Release|Any CPU
		{8FA1FC2D-5713-40DD-9F76-A4FF0E036AE6}.Debug|Any CPU.ActiveCfg = Debug|Any CPU
		{8FA1FC2D-5713-40DD-9F76-A4FF0E036AE6}.Debug|Any CPU.Build.0 = Debug|Any CPU
		{8FA1FC2D-5713-40DD-9F76-A4FF0E036AE6}.Release|Any CPU.ActiveCfg = Release|Any CPU
		{8FA1FC2D-5713-40DD-9F76-A4FF0E036AE6}.Release|Any CPU.Build.0 = Release|Any CPU
		{B95BE4B8-1848-4C7D-BE87-1DACFB006E8F}.Debug|Any CPU.ActiveCfg = Debug|Any CPU
		{B95BE4B8-1848-4C7D-BE87-1DACFB006E8F}.Debug|Any CPU.Build.0 = Debug|Any CPU
		{B95BE4B8-1848-4C7D-BE87-1DACFB006E8F}.Release|Any CPU.ActiveCfg = Release|Any CPU
		{B95BE4B8-1848-4C7D-BE87-1DACFB006E8F}.Release|Any CPU.Build.0 = Release|Any CPU
		{4E629AA8-3677-41C4-B366-74196E97BBC6}.Debug|Any CPU.ActiveCfg = Debug|Any CPU
		{4E629AA8-3677-41C4-B366-74196E97BBC6}.Debug|Any CPU.Build.0 = Debug|Any CPU
		{4E629AA8-3677-41C4-B366-74196E97BBC6}.Release|Any CPU.ActiveCfg = Release|Any CPU
		{4E629AA8-3677-41C4-B366-74196E97BBC6}.Release|Any CPU.Build.0 = Release|Any CPU
		{0EB3C5D0-398C-40E2-8C8C-11EDDDC95E1F}.Debug|Any CPU.ActiveCfg = Debug|Any CPU
		{0EB3C5D0-398C-40E2-8C8C-11EDDDC95E1F}.Debug|Any CPU.Build.0 = Debug|Any CPU
		{0EB3C5D0-398C-40E2-8C8C-11EDDDC95E1F}.Release|Any CPU.ActiveCfg = Release|Any CPU
		{0EB3C5D0-398C-40E2-8C8C-11EDDDC95E1F}.Release|Any CPU.Build.0 = Release|Any CPU
		{C296E791-4DEA-47F9-AA4B-4EE723CFB8A5}.Debug|Any CPU.ActiveCfg = Debug|Any CPU
		{C296E791-4DEA-47F9-AA4B-4EE723CFB8A5}.Debug|Any CPU.Build.0 = Debug|Any CPU
		{C296E791-4DEA-47F9-AA4B-4EE723CFB8A5}.Release|Any CPU.ActiveCfg = Release|Any CPU
		{C296E791-4DEA-47F9-AA4B-4EE723CFB8A5}.Release|Any CPU.Build.0 = Release|Any CPU
		{DAC37B89-D1E8-47A5-B8F4-C137A5376AB3}.Debug|Any CPU.ActiveCfg = Debug|Any CPU
		{DAC37B89-D1E8-47A5-B8F4-C137A5376AB3}.Debug|Any CPU.Build.0 = Debug|Any CPU
		{DAC37B89-D1E8-47A5-B8F4-C137A5376AB3}.Release|Any CPU.ActiveCfg = Release|Any CPU
		{DAC37B89-D1E8-47A5-B8F4-C137A5376AB3}.Release|Any CPU.Build.0 = Release|Any CPU
		{FECECD0B-67DB-447B-B191-1DDCE82E2DA3}.Debug|Any CPU.ActiveCfg = Debug|Any CPU
		{FECECD0B-67DB-447B-B191-1DDCE82E2DA3}.Debug|Any CPU.Build.0 = Debug|Any CPU
		{FECECD0B-67DB-447B-B191-1DDCE82E2DA3}.Release|Any CPU.ActiveCfg = Release|Any CPU
		{FECECD0B-67DB-447B-B191-1DDCE82E2DA3}.Release|Any CPU.Build.0 = Release|Any CPU
		{1D40B3A3-AB48-4D6B-BF9C-D2A2E2FFA3C4}.Debug|Any CPU.ActiveCfg = Debug|Any CPU
		{1D40B3A3-AB48-4D6B-BF9C-D2A2E2FFA3C4}.Debug|Any CPU.Build.0 = Debug|Any CPU
		{1D40B3A3-AB48-4D6B-BF9C-D2A2E2FFA3C4}.Release|Any CPU.ActiveCfg = Release|Any CPU
		{1D40B3A3-AB48-4D6B-BF9C-D2A2E2FFA3C4}.Release|Any CPU.Build.0 = Release|Any CPU
	EndGlobalSection
	GlobalSection(SolutionProperties) = preSolution
		HideSolutionNode = FALSE
	EndGlobalSection
	GlobalSection(ExtensibilityGlobals) = postSolution
		SolutionGuid = {DABC7D7C-51B6-4410-B9C8-359F2FDE7650}
	EndGlobalSection
	GlobalSection(NestedProjects) = preSolution
		{382189E2-8837-4C89-9F7E-3F0EE82B89AE} = {1354F5E9-AEEA-4D67-A0D1-1833724CA66B}
		{1354F5E9-AEEA-4D67-A0D1-1833724CA66B} = {6CB19BFD-CD05-42EE-B9A6-7CAD4BCF2946}
		{187C69DD-A051-4C02-AE98-CBEA3D204427} = {6CB19BFD-CD05-42EE-B9A6-7CAD4BCF2946}
		{945B7EE8-5D75-4DEE-956F-E1581D21F906} = {95E805B2-D0F1-4413-A121-4CA7D8AD7AEF}
		{A2BA871B-A1AA-47AB-92C6-BC6A7670F7D9} = {945B7EE8-5D75-4DEE-956F-E1581D21F906}
		{F2A1DAF9-A240-4849-8622-D5E889A8F651} = {A2BA871B-A1AA-47AB-92C6-BC6A7670F7D9}
		{6A739B50-7C91-4FA8-AB25-65F6ED502499} = {187C69DD-A051-4C02-AE98-CBEA3D204427}
		{B892F358-236F-4BBD-BC38-B300EF333560} = {382189E2-8837-4C89-9F7E-3F0EE82B89AE}
		{AC0E02B7-97B2-457F-94B7-B0156DE8EB67} = {6CB19BFD-CD05-42EE-B9A6-7CAD4BCF2946}
		{829F63C3-6B21-42B6-BE8D-D1CF95E2FABE} = {AC0E02B7-97B2-457F-94B7-B0156DE8EB67}
		{D067E8F9-A9B2-40BE-89B1-DF84F82938BA} = {1354F5E9-AEEA-4D67-A0D1-1833724CA66B}
		{84CA41D9-C750-4110-80F4-A135D053A390} = {D067E8F9-A9B2-40BE-89B1-DF84F82938BA}
		{54BD0D5C-08CA-4E69-85D7-9301BF6F7C5F} = {945B7EE8-5D75-4DEE-956F-E1581D21F906}
		{8FA1FC2D-5713-40DD-9F76-A4FF0E036AE6} = {54BD0D5C-08CA-4E69-85D7-9301BF6F7C5F}
		{E6AF715B-4953-4BC1-B352-412CCB770108} = {1354F5E9-AEEA-4D67-A0D1-1833724CA66B}
		{B95BE4B8-1848-4C7D-BE87-1DACFB006E8F} = {E6AF715B-4953-4BC1-B352-412CCB770108}
		{F875CA70-A6AF-4997-BBCC-A3E56BD277B8} = {1354F5E9-AEEA-4D67-A0D1-1833724CA66B}
		{4E629AA8-3677-41C4-B366-74196E97BBC6} = {F875CA70-A6AF-4997-BBCC-A3E56BD277B8}
		{57E98751-37C7-4B55-8AD3-4F773BB1BAA7} = {945B7EE8-5D75-4DEE-956F-E1581D21F906}
		{0EB3C5D0-398C-40E2-8C8C-11EDDDC95E1F} = {57E98751-37C7-4B55-8AD3-4F773BB1BAA7}
		{9C2F7EA9-FD02-4725-8116-81D5FF1F3C5A} = {1354F5E9-AEEA-4D67-A0D1-1833724CA66B}
		{C296E791-4DEA-47F9-AA4B-4EE723CFB8A5} = {9C2F7EA9-FD02-4725-8116-81D5FF1F3C5A}
		{DAC37B89-D1E8-47A5-B8F4-C137A5376AB3} = {9C2F7EA9-FD02-4725-8116-81D5FF1F3C5A}
		{FECECD0B-67DB-447B-B191-1DDCE82E2DA3} = {9C2F7EA9-FD02-4725-8116-81D5FF1F3C5A}
		{1D40B3A3-AB48-4D6B-BF9C-D2A2E2FFA3C4} = {9C2F7EA9-FD02-4725-8116-81D5FF1F3C5A}
	EndGlobalSection
EndGlobal
